PODS:
  - Material (2.4.13):
    - Material/Core (= 2.4.13)
  - Material/Core (2.4.13)
  - Motion (1.0.1):
    - Motion/Core (= 1.0.1)
  - Motion/Core (1.0.1)
  - SwiftyJSON (3.1.4)

DEPENDENCIES:
  - Material (~> 2.4)
  - Motion (~> 1.0)
  - SwiftyJSON (~> 3.1)

SPEC CHECKSUMS:
  Material: a056f69c8f9c65ace26bb5ef9cb0823d49b787d9
  Motion: a2356231ac6a1ca5914a618dabda50267946b060
  SwiftyJSON: c2842d878f95482ffceec5709abc3d05680c0220

PODFILE CHECKSUM: 3a0d85414fab9b7a8d07b4e33e7d8cdd17b1a5e5

COCOAPODS: 1.2.0
